{
    "_meta": {
        "hash": {
            "sha256": "8352d94dfe850767a7ca51eda2d3d7257e1d79a69f04d4db2ff9ffa6e2cb234b"
        },
        "pipfile-spec": 6,
        "requires": {
            "python_version": "3.9"
        },
        "sources": [
            {
                "name": "pypi",
                "url": "https://pypi.org/simple",
                "verify_ssl": true
            }
        ]
    },
    "default": {
        "async-timeout": {
            "hashes": [
                "sha256:2163e1640ddb52b7a8c80d0a67a08587e5d245cc9c553a74a847056bc2976b15",
                "sha256:8ca1e4fcf50d07413d66d1a5e416e42cfdf5851c981d679a09851a6853383b3c"
            ],
            "markers": "python_version >= '3.6'",
            "version": "==4.0.2"
        },
        "attrs": {
            "hashes": [
                "sha256:31b2eced602aa8423c2aea9c76a724617ed67cf9513173fd3a4f03e3a929c7e6",
                "sha256:832aa3cde19744e49938b91fea06d69ecb9e649c93ba974535d08ad92164f700"
            ],
            "markers": "python_version >= '2.7' and python_version not in '3.0, 3.1, 3.2, 3.3'",
            "version": "==20.3.0"
        },
        "casttube": {
            "hashes": [
                "sha256:36f118007f9eead3959cf30de03c1640b53a263569ff2a3971c0521826c835b2",
                "sha256:54d2af8c7949aa9c5db87fb11ef0a478a5d3e7ac6d2d2ac8dd1711e3a516fc82"
            ],
            "version": "==0.2.1"
        },
        "certifi": {
            "hashes": [
                "sha256:35824b4c3a97115964b408844d64aa14db1cc518f6562e8d7261699d1350a9e3",
                "sha256:4ad3232f5e926d6718ec31cfc1fcadfde020920e278684144551c91769c7bc18"
            ],
            "index": "pypi",
            "version": "==2022.12.7"
        },
        "charset-normalizer": {
            "hashes": [
                "sha256:5a3d016c7c547f69d6f81fb0db9449ce888b418b5b9952cc5e6e66843e9dd845",
                "sha256:83e9a75d1911279afd89352c68b45348559d1fc0506b054b346651b5e7fee29f"
            ],
            "markers": "python_version >= '3.6'",
            "version": "==2.1.1"
        },
        "click": {
            "hashes": [
                "sha256:7682dc8afb30297001674575ea00d1814d808d6a36af415a82bd481d37ba7b8e",
                "sha256:bb4d8133cb15a609f44e8213d9b391b0809795062913b383c62be0ee95b1db48"
            ],
            "markers": "python_version >= '3.7'",
            "version": "==8.1.3"
        },
        "colorama": {
            "hashes": [
                "sha256:5941b2b48a20143d2267e95b1c2a7603ce057ee39fd88e7329b0c292aa16869b",
                "sha256:9f47eda37229f68eee03b24b9748937c7dc3868f906e8ba69fbcbdd3bc5dc3e2"
            ],
            "index": "pypi",
            "version": "==0.4.4"
        },
        "fuzzywuzzy": {
            "extras": [
                "speedup"
            ],
            "hashes": [
                "sha256:45016e92264780e58972dca1b3d939ac864b78437422beecebb3095f8efd00e8",
                "sha256:928244b28db720d1e0ee7587acf660ea49d7e4c632569cad4f1cd7e68a5f0993"
            ],
            "version": "==0.18.0"
        },
        "gtts": {
            "hashes": [
                "sha256:900d086f3ac9534f53bf46e815697d8968a2495d1594872bba82c13eeb5ddd06",
                "sha256:93d8f386336c81d3b1d257ed0b4d5ef72660dc38484b0e0df7849b161cbe6324"
            ],
            "index": "pypi",
            "version": "==2.2.1"
        },
        "idna": {
            "hashes": [
                "sha256:814f528e8dead7d329833b91c5faa87d60bf71824cd12a7530b5526063d02cb4",
                "sha256:90b77e79eaa3eba6de819a0c442c0b4ceefc341a7a2ab77d7562bf49f425c5c2"
            ],
            "markers": "python_version >= '3.5'",
            "version": "==3.4"
        },
        "ifaddr": {
            "hashes": [
                "sha256:085e0305cfe6f16ab12d72e2024030f5d52674afad6911bb1eee207177b8a748",
                "sha256:cc0cbfcaabf765d44595825fb96a99bb12c79716b73b44330ea38ee2b0c4aed4"
            ],
            "version": "==0.2.0"
        },
        "levenshtein": {
            "hashes": [
                "sha256:0385d69ccca8bc1a091e1071357b8610af758af8968ed32bedcedf96c51a6bb9",
                "sha256:07836b04b628f9db65f24c34bb63fb453723aadf00b45e093384108ec05ba545",
                "sha256:079a216a55a3735f59661e0b25ff3a2122e18a710682d88e0d7576bff594f547",
                "sha256:085e7a8f5d8a2d71790f2c16363dbd15bdc6b2d66bb12adfeef453d9436fc641",
                "sha256:0e8c505bfb2b64d4d14a6e9f9d115877d150a398a09a97b7827df4711f1e5b4b",
                "sha256:130404e7a917c3ba80879cd8fcdd6f6e84e2cdc3018cd225d95fea906be8d8fa",
                "sha256:1481916946b50c7c80d4d318e290392614a07f9fcc612aadf3c6ce2c685ccbe9",
                "sha256:153ff8e7491f80b72250cabce926922d3d4a623d0846602a3f4fef974c3e7f4d",
                "sha256:204e8454d9f0be127ae21f0ff05506ed6785937c78d4ed8597504283675fdd79",
                "sha256:24ffa06dd1a348b45584a192a86ff5ae8233d1c1cea4bd49fa9243485b8cf838",
                "sha256:2c38b1005e6b7fe62dfc50c56bd0b7fc85688a7197f6a116459a3107461472e2",
                "sha256:2c8995f69db76b6c9fc113dc65b9b17a1f04f718f2c18203f6c0ac84a07462c7",
                "sha256:2e3eb8e529cad2419d3f4bbb9f5fa0ea845c142b5e17a59c3f4ffe82b1ebfa29",
                "sha256:2ed457334940a0dff6617e86f7df6b3ff64aa9f5a0571c7bd889228f6a9863f6",
                "sha256:2f586f3b192805ee19fb56bed803d05966ef0edc544822e934bb106f688d427b",
                "sha256:3512354f28a13e680c5d7e83e9edc23afa5b807895db7933efb0be3fee3d50e1",
                "sha256:36a479f799613479871da1ed221b7099cb77caf5b060fa9eb916d5b90c0ae206",
                "sha256:3a57710c9c35cf41df77f4eb24ae5e9568a2d9fba3010ace657a8ec7d044c871",
                "sha256:3bf05b99f268330a833f4749b35bf84a31985ae2a52d228207efa3e2863ba832",
                "sha256:3f8d2d36c1d8ad9a699b1b41948c08161d4c645921ddb643b1d478b8457c859a",
                "sha256:404d30d0d4b36ea504b30c508107327fa06b2cdae88291d1864b236744858ac5",
                "sha256:43505eb89a80ea529c019391809c6fbf552eb5b4a5e34780c842b0f324d2b769",
                "sha256:438d95ca36c8d277fb0cb078eab227173e1a59c6742cdb6dd97f106106e38ffd",
                "sha256:4619c165f1fe1048fc22065290b779ac3903d0d75b0fb2c600abc3913993036c",
                "sha256:477265c6ba07bb01f96e64fe427ec51f63872dcb345f6340f5e5c7403e367282",
                "sha256:49bbdd707f435ad0c0e8c2727dd07233ff1db52ac607f9a67f18bf1eb275de66",
                "sha256:4d61ed0b452fb6456be49ab1b9b2f1d6366db611a8c71a2fecab37118010e6c5",
                "sha256:5201b798e0905adab04c8b9d6ff5dd6cae13456b3e390fcd099991ce4fd32967",
                "sha256:55baa3498b31ceb62b54e5278e6f5830b4748b4709fa291e91b7d022f9bef63a",
                "sha256:59a9067d5a9b63ec5ce7e23624dfe2c26438deecb3e46103fa68c72baef544ec",
                "sha256:59da44a59861f60b049178a56c9d723d7181c5e2e6adf04bf54120c2d1d589a1",
                "sha256:5bc69cbb75c502492666fd45b345e3f31a8a709b4019146cfc19f331fe1f6b38",
                "sha256:5d8cb2b06d8e7683c321e20740385545447cb2faf2286e2817ca03745354bf0c",
                "sha256:6456643a8c5de3ced585d9fd4fba8ae78a3b7860bed7a670f76e7a7865b34c78",
                "sha256:65dc11345ac7d4c13f2392ec3610c392498500a7ba6455408abdd129becea41f",
                "sha256:675a91e9020a24c53301de11cd4b9b9b07827f93e2ddb56187c7ba2eede58dbc",
                "sha256:6b3745a6c1dee2178feab4e37ee46669ea2a7b8122eb63803e96547fff9bf1fc",
                "sha256:6b7d71485f4bf92d5cddfdb91a82a0308a7a6b6a216887de44ecdab0c0495ca1",
                "sha256:6c587c15278877e6974f2899c2bc15e561f762a71c2b8d8771de88c650738d87",
                "sha256:6cf9c8a45ce9fd60ff0fcdd5cfa44c83f2d2a0188c9e85d7eef36579919cb574",
                "sha256:71f0c835dc7a8fd7a8b94374bb60ad238fbf7a4264f40868ec4d884130b8d96f",
                "sha256:72ac6ae6581a586ef7f325413d4f87c39dc5e50734c5731586c73c7f837af8fc",
                "sha256:73f9db6a178a926c15dd1a8c9ccd810407c3eaddbfc2145f68242b55e238fd85",
                "sha256:744d374f8227624028642d078ae4692f73e9e53b0ff87d25232e75abe842b00c",
                "sha256:7677c9abbeff907bbd7869e33e47874e6ecf6e4341298e968c9e3dbf4c344765",
                "sha256:76ee654d6a741e43039094c9c68396f952d48c4b74d4da1450c87b77db5a7f83",
                "sha256:7a9622d9bba7173df575cbfc4bc0a0d929d1733e1eeac85829e4f1ad21a24de5",
                "sha256:7b42a6470ee44e80332acc95ed55890d12b5f27676a942e0c268b0092569f06c",
                "sha256:7d8cb8a401633ff6210c2fe4cd5a1410b26cef47f42e0e1ab3563c5f94975c4c",
                "sha256:7dc85e9d8a74af873621d2b26e04aa1f41e02588a98dc859bc448e5c04aebb2a",
                "sha256:7fae73b02e929da1b52d988e54f029347fe9e5b024282c9492cfc4d8a951cd93",
                "sha256:828ceb9a947be03dded59d7d44fa8629ab7fc32185e460ada6355d23412ced7c",
                "sha256:8746be2afafdab5ffc05094b0a954cea4f95bcc3e2bd48dce04b5e51063aeefb",
                "sha256:8b6e23ec767c8985a381869d3cb3935f8e67e57b80cbbdb5986329bb75f348b5",
                "sha256:8dc2232dd6918aa3f6be80c9c620ce0a0e361b1b979a49d1e3fa831af224e721",
                "sha256:9039bbcdb306b74542e36aa72fd3afa16db67516bbab65cbfd7ad10480b13c64",
                "sha256:918a97459df93a8984355f91886f29dc97ddef85dfff185b38b1b748512411a1",
                "sha256:939b819874903a689863f3a552a90e1742ac342cda80f5d3e8adb42e1729d37e",
                "sha256:940c193991eb12922f76c422946f6c3d30ad144233c0b49dfa48e132a445cbcb",
                "sha256:94c773c9fb3a90cb7e191087beb06fb49b8d0452fb0f1abf27e9c644b19a0557",
                "sha256:96070d1a1c0d908d65cd9765a7b63ecafa8ef52d7a6460dccdf4d1bd29ad98fd",
                "sha256:97a5424784b4c0989b2ec227ae000e80b293d7cc1bd3b02866d7943a3cf6b65c",
                "sha256:98e741e54b7e66a63d92af04193b9d819b8f29292ccfcfd2cc6eee67ab2469f1",
                "sha256:9d1c2766a63f1231119d6744502913e432c33aa0ceb6fabc536a4fbffcc90a46",
                "sha256:9e8c5d97068fb4a78f5bfe0f5d8fa365867f2431f399f5df9dd2b741558c3684",
                "sha256:9ea2f847e209a463387b8e8d6743b1cd929e60fdce85d8ab19022ba6678546c5",
                "sha256:a66a3ef2e58ac7eb8f96ae8ba8b9aec34d1446865faaeab86d3559b9a0d422aa",
                "sha256:a8aac56e669a733e03c81b2e015dcd8d287db716bf2c6c9a480c4227300a7c52",
                "sha256:a8cc52849264d3aa6e16c9daca95a02d59e9496c86f18def7131413cfba617cc",
                "sha256:b134a8f6fa42355baf6687c7c6890f82672de95ea44fdb59f99696087ec19439",
                "sha256:b42f81d9fd1c89fe57f17288032b93020eff9ece58a2b8fbea77fc60bc321c11",
                "sha256:b6463f3bc2a426703b2b259c1d6aaa73bd0c3fc85492c0f4d5dfd60658271ee9",
                "sha256:b714581e760c79ff990d8196bd0978d9246427a93eefb1f9f1087b88e17c594d",
                "sha256:ba530885bc063ad90e8dff6d7e4cb55e523213ca1815a41ccc67a2efb405ad3b",
                "sha256:c09cb048098396a3ece6afe032cfdca0bb0fa49d5fb6b146d762e2d45274abba",
                "sha256:c4c1e802c746679c765c780fb0dce82af1cc000bc0bea9c37bd4d6d295ddd339",
                "sha256:c7b39b572cd3d2c2b8c5753246a52eda3cf3360f49de95e3f671062acc6caaf4",
                "sha256:cab33decf636cebb20bf90563e89eb500ccfb758b0af19630ce149606f0b130f",
                "sha256:caf6ad0c8c0780d78c3f5eb270fb8aa5820cf423057d252a1de6a79b1f07e76b",
                "sha256:d0f56896b12f4276a77e774be560d00bd6b173af1a5554554ed86a288ff111a4",
                "sha256:d140a0a450813ef8658f2a87d5c7d9ea2fff3f8b8d80e7ac80061b21c6a733f0",
                "sha256:d17615b69f01a7db2bd4269e14fdad71bc7c3f08ca7a366914f85b08341953a0",
                "sha256:d3e14702351d7c844aaef5fe1ffc53f590e4e6a17b12836517f9771379b0da49",
                "sha256:d5cba3eab536188f16115ab6ea5de1e19440c35bb01c817388e3696b811bca21",
                "sha256:d6b247b22703d1989cb97a0b26485db7a3397322d3975c974c22e10a1592a414",
                "sha256:d9ad1515424b708608596a1bf314781d240f5b4fd934528d2bf0c9d7d0620e78",
                "sha256:dae722ee22c610243d6fade46ce04ab16a36862b3edc732a60ccc57a4e9c6af8",
                "sha256:db71d6ea4f2412b06bec7ed697dd2efe4f42ff953db58354364902d8f29587a4",
                "sha256:dd2c3a10c7d5d1ddb181121d7a038918408efb92206519428bcee6fe6a9fec30",
                "sha256:df4ba85d1c2361b2591d8b8c01740ed9803a7c32d706f1015446f5f382c4b8ec",
                "sha256:e0963497f51ff5aa73447173178daefff4a80e4165c2575d1357503c030f0a6b",
                "sha256:e21df20e8d8df9be6b33ed013852ba6a317d139d11647f8b241c894c8b76d523",
                "sha256:e48dd2f143f2236717a7604fed2dc2e078b96a0c3881e490f258a5f4bde11324",
                "sha256:e614c3d02693f2355c42638753c4de7f5682265691a8bd7fd7d7e1fb6372f7e2",
                "sha256:e8ecf0a10823ca4c90c42adb79478a845ea4979a751f32bc7cdb3b32e39e9c7f",
                "sha256:ede6b8eaeb73aff5714459cbf5c18345fc40ca90b1885bd7e5cf0c27d99f118a",
                "sha256:ef65c16113028688353b10d159b6f12a6a471890ea6aa466a0626cd11c9239a5",
                "sha256:f71e89af67e7eb8eed11178711cc23e151e29fe488017cfc56a0a644c5e5d19d",
                "sha256:f7e4be20d10ffd24723363d4796ea78371c73d961725d7663381bbfa07ad086a",
                "sha256:f87c9ed45e05fb9ad800560e3c063b1945cda981b6f92b1abfefb603b8f9113a",
                "sha256:feaf0ae11827a917cdb314f189c711e0fb2b677f4e69e2c61276a65f2209ac4e",
                "sha256:ff3e7e6a58892ee30f90507a4da1d316e0c3e8e3f1f70b694eeedc397a3d0802"
            ],
            "markers": "python_version >= '3.6'",
            "version": "==0.20.8"
        },
        "pretty-errors": {
            "hashes": [
                "sha256:4adbc98f23430879d6aac0b247d66378c33941ad1a153ab9f6e1770a532ebd0a",
                "sha256:6e01ddd96c552fecf632a30145f04aa4cb5c272b61e80d2aaaa9d7dab6f223fd"
            ],
            "index": "pypi",
            "version": "==1.2.18"
        },
        "prompt-toolkit": {
            "hashes": [
                "sha256:25c95d2ac813909f813c93fde734b6e44406d1477a9faef7c915ff37d39c0a8c",
                "sha256:7debb9a521e0b1ee7d2fe96ee4bd60ef03c6492784de0547337ca4433e46aa63"
            ],
            "index": "pypi",
            "version": "==3.0.8"
        },
        "prompt-toolkit-action-completer": {
            "hashes": [
                "sha256:8c3e4a344f61cf4c0e3252fe65f0150c7f06b882b2795e71567a2185a6c520bf",
                "sha256:ff3d487efc07ecebea5ae851623ec1658c03820b5f058932169de7e360ecf464"
            ],
            "index": "pypi",
            "version": "==1.1.1"
        },
        "protobuf": {
            "hashes": [
                "sha256:25266bf373ee06d5d66f9eb1ec9d434b243dccce5c32faf151054cfa6f9dcbf1",
                "sha256:260e346927fd4e6fbb49ab545137b19610c24a1d853dc5f29ddf777ab1987211",
                "sha256:2c6a4d13732d9b094db31b3841986c38b17ac61a3fe05ee26a779d94c4c3fb43",
                "sha256:4922e3320ed70e81f05060822da36923d09fd9e04e17f411f2d8d8d0070f9f5c",
                "sha256:4b75c947289a2e9c1f37d21c593f1ef6fb4fed33977dfb2ac84f799eb29a8ff4",
                "sha256:4d01ef83517c181d60ea1c6d0b2f644be250ade740d6554a2f5a021b1ad622e3",
                "sha256:553e35c0878f6855e55f01a14561e6bce6df79b6636a5acf83b9d9ac7eab7922",
                "sha256:85ccb4753ee21de7dc81a7a68a051f25dbe133ffa01a639ac998427d0b223387",
                "sha256:a5a14b907a191319e7a58b38c583bbf50deb21e002f723a912c5e4f6969a778e",
                "sha256:a944dc9550baae276afc7dc8193191d4c2ad660270a1e5ed5a71539817ebe2e2",
                "sha256:bab4b21a986ded225b9392c07ce21c35d790951f51e1ebfd32e4d443b05c3726",
                "sha256:c3b9e329b4c247dc3ba5c50f60915a84e08278eb6d9e3fa674d0d04ff816bfd7",
                "sha256:d91a47c77b33580024b0271b65bb820c4e0264c25eb49151ad01e691de8fa0b6",
                "sha256:efb16b16fd3eef25357f84d516062753014b76279ce4e0ec4880badd2fba7370"
            ],
            "markers": "python_version >= '3.7'",
            "version": "==4.21.11"
        },
        "pychromecast": {
            "hashes": [
                "sha256:cf2e9fa795ea1e9d0d180adfbdccefd6b4f532eae56f41f15d1a75b323096f51",
                "sha256:e26f640be9b0b23a946b1b40912b34209d45111089d561ef067542d969c5d942"
            ],
            "index": "pypi",
            "version": "==7.5.1"
        },
        "pygments": {
            "hashes": [
                "sha256:bc9591213a8f0e0ca1a5e68a479b4887fdc3e75d0774e5c71c31920c427de435",
                "sha256:df49d09b498e83c1a73128295860250b0b7edd4c723a32e9bc0d295c7c2ec337"
            ],
            "index": "pypi",
            "version": "==2.7.4"
        },
        "python-levenshtein": {
            "hashes": [
                "sha256:a932f149c72d2707963947ba9df9729ac36983d2e9db4eb93e4d5b69a8899070",
                "sha256:c2d68fc480394ef87e20097d9c1605ae101340f0a8060c518eacd2e634b190f8"
            ],
            "version": "==0.20.8"
        },
        "pyyaml": {
            "hashes": [
                "sha256:02c78d77281d8f8d07a255e57abdbf43b02257f59f50cc6b636937d68efa5dd0",
                "sha256:0dc9f2eb2e3c97640928dec63fd8dc1dd91e6b6ed236bd5ac00332b99b5c2ff9",
                "sha256:124fd7c7bc1e95b1eafc60825f2daf67c73ce7b33f1194731240d24b0d1bf628",
                "sha256:26fcb33776857f4072601502d93e1a619f166c9c00befb52826e7b774efaa9db",
                "sha256:31ba07c54ef4a897758563e3a0fcc60077698df10180abe4b8165d9895c00ebf",
                "sha256:3c49e39ac034fd64fd576d63bb4db53cda89b362768a67f07749d55f128ac18a",
                "sha256:52bf0930903818e600ae6c2901f748bc4869c0c406056f679ab9614e5d21a166",
                "sha256:5a3f345acff76cad4aa9cb171ee76c590f37394186325d53d1aa25318b0d4a09",
                "sha256:5e7ac4e0e79a53451dc2814f6876c2fa6f71452de1498bbe29c0b54b69a986f4",
                "sha256:7242790ab6c20316b8e7bb545be48d7ed36e26bbe279fd56f2c4a12510e60b4b",
                "sha256:737bd70e454a284d456aa1fa71a0b429dd527bcbf52c5c33f7c8eee81ac16b89",
                "sha256:8635d53223b1f561b081ff4adecb828fd484b8efffe542edcfdff471997f7c39",
                "sha256:8b818b6c5a920cbe4203b5a6b14256f0e5244338244560da89b7b0f1313ea4b6",
                "sha256:8bf38641b4713d77da19e91f8b5296b832e4db87338d6aeffe422d42f1ca896d",
                "sha256:a36a48a51e5471513a5aea920cdad84cbd56d70a5057cca3499a637496ea379c",
                "sha256:b2243dd033fd02c01212ad5c601dafb44fbb293065f430b0d3dbf03f3254d615",
                "sha256:cc547d3ead3754712223abb7b403f0a184e4c3eae18c9bb7fd15adef1597cc4b",
                "sha256:cc552b6434b90d9dbed6a4f13339625dc466fd82597119897e9489c953acbc22",
                "sha256:f3790156c606299ff499ec44db422f66f05a7363b39eb9d5b064f17bd7d7c47b",
                "sha256:f7a21e3d99aa3095ef0553e7ceba36fb693998fbb1226f1392ce33681047465f",
                "sha256:fdc6b2cb4b19e431994f25a9160695cc59a4e861710cc6fc97161c5e845fc579"
            ],
            "index": "pypi",
            "version": "==5.4"
        },
        "rapidfuzz": {
            "hashes": [
                "sha256:0f01d95700f00bc88ac84b2b933416a7ba188dc2b0280c87614012698e78ad39",
                "sha256:17e2c4d2965032eb918e5b0185d1b1822edfa5e1d7d2f327677dc02d1982e904",
                "sha256:1ee9ebf72535233bfe909c75c1edda1ff029e6f7cb046fc36d9ceff6767f180a",
                "sha256:2046376a36b6ea4729097cb91522a6fef0271a4cd1be205724202ac78f013b94",
                "sha256:22304c2ff91f94840c3a32e83076964b080786f4ba92cb7b99dcbc21e8f226b1",
                "sha256:249f6e5a57b6e810afd32e3836e2035a7d3a8ee4e04c1a0e6cc97cc215893fcb",
                "sha256:25e4af378b80bbf9e5f8ad2ee3132d9a2f16beb46bdfc98ddffb06268a56dade",
                "sha256:26aafff28c2638ec68fd9ce5103ad2482ef5ea8dfaff20c8417a083c7b73a481",
                "sha256:2763eea723c63f0b7c7c497f54cd25ab589872127cdbb4c9da749b3d5e355764",
                "sha256:2df2d6207fb354f751c644aecef12ea2b881a280d2998afc3aac5876aa17538e",
                "sha256:2e7adcc2e3929213f7337b41aff71d40ab674b9bbab1d70d21f0d4975cfe09e2",
                "sha256:33c540b6c0e34df13c5bd722ffc7738527642e1cee282cf6e4c8fd78d70346ba",
                "sha256:36a1c1d734b49f407ba7eb8929c37db458e9ab1afa752204474bd18eecc419ce",
                "sha256:3a2c3ae0dcb5c668be3a513c1783860db4a8b09a443cf087064a2fbdc21d0f84",
                "sha256:3b0ac50b17c2655e5816353130e1ff399ffc6426641dcd8e795a16e579ef57b2",
                "sha256:3e3ba0056fdee693694b916f7f2de903127a56ae020a6d58b7a7ddc38ccd81e3",
                "sha256:41fbee702a1f0646f92e7cd9344c65894eadbceb9db9e82b763293dc078fc8f4",
                "sha256:4773f5b2ea6b50ba2ddc91e01c6c1df86be4c2944d97075cf8362ed0049f3cde",
                "sha256:4ce3671c326d8bd5e33089fd5f62ce5b04fe25752250e655e0fb6685464fd3f1",
                "sha256:4eea58700abe0d9319b13a6799c8e6df62f00ba7e47052e71487d43a9b205285",
                "sha256:57808f19a5a75efa2034c7f89fdd96795f1e9a120fa84221095b3a9edf3a401b",
                "sha256:5a2faa716c5cbc66606164c0ed328f377999b0f223ee8ac8fb45eff3ebffd23f",
                "sha256:5c23533e846cf2ea5790bc14db422dec4a388002d259878ddc4dc58fabc7add1",
                "sha256:5e105c9173fd5678068e271eb2e824d60fe9d75d0ba2f2bb921abdc4b1fcc790",
                "sha256:6365aa163db96d20c7374e03ec62fc6b5c7c9dd25777c24d944a98281b83b831",
                "sha256:643e76cb678547ce9e9d58192907d62c99dfa312a817aaf12aefbefebf73848c",
                "sha256:6568e16362b9d6df3f9897cbf5f027711d4d9ff62a2675bdf18de9c2eb5ffe33",
                "sha256:67cc400e23aca3976068ad7fa4539a2c0236bbfd269ba56a927ff0f28cdf06ef",
                "sha256:6943c5c4ca584e95ffbbcf3bbd08f16e90c945ce79acfdd0dfe977f516b20c21",
                "sha256:6983a382d050c85809ac2fbbbce56ddae67a08b4f0cc85a86ae159826b576287",
                "sha256:6a344abd3b1f4f318e6f550069ac079af373a433221aaa18f10b5db76c8b89e3",
                "sha256:6d2e89c7449d75bec2fd8ac9ef60e5e00e86b520df9c40c64bd47c21a4b00251",
                "sha256:6fab75f3e910ca7758ec0bf0c865cf42aa9550925ab1fb9a4fc8e48b94c1c81c",
                "sha256:7349cbe1de1b3f902a6cdb0a834a5f6c7f17e081e56b7549db621634a8d72325",
                "sha256:74146b009f8ca4077cf528130c7e2d89bfc6260afca55d731b1991d8b089f71d",
                "sha256:7583f40fdae8f4710adfaa5adff6d0daae3eff6b244bd68adcf72a11450336f8",
                "sha256:7b7662463cf82072f8cf76fb313798c2cd3211df4e5fbb9d27a4317fc9783644",
                "sha256:7ba39bfba079a16f30008f0b01bb1cbe30550f291ccfbf9472f2bd9e8bc4ef3b",
                "sha256:7cee538458e921a4a94ef03f04ac7a618ec552e66d198b4e470e1f7b79c28f67",
                "sha256:817c20012d7a4a332ba17dd3720a4fd3b47271b5da05ab7ef58cfa5973ef4a27",
                "sha256:832479db73ed1936e09a4731f93f3588c719718759f4375c0b352088c55d5095",
                "sha256:85f5e8667b8e6cb7687c86374c60b133abdc76b2af24455172388c5d7ab2787b",
                "sha256:884840da5b5e43aea5a741c5b920826b07bc0896c8e569a1563e1824d77f408f",
                "sha256:8949404ebbc3ed8afd064b5109efea5fe20fffe81a0b8f9d221d860947830826",
                "sha256:895bd6805eec4f8479e509904334a85dd0cf6c8e3159119c5e20e69dcfa6ff59",
                "sha256:8ef9a9e9f73d088bec7f184f77e58c8da3fb08ade150c74425936fbaf67f6646",
                "sha256:8f739326df930dfd76105ec6a8facdf88439786dc307d9f8c8ccd48a4df04cc9",
                "sha256:8f831f031e7b07e75099030e9a56bff6a6e18ae7e9a3b8b6834715d1384353f0",
                "sha256:915e2b8ea1a1552cf9abe32b6b7d7f1f52b2c17aab3939b953920a6026a419e2",
                "sha256:91b7c0c9a8aa18eedab6df8fa028f82e73fb5b7e46b3a9935e625ea85859148c",
                "sha256:92e4e21cb8f435c37c6996ab4af655741867068d9dc8dbf56f30857a481aa282",
                "sha256:93b66fa0f6299ea51bbf3cef926bb7e040d625a0b000b9cc9bc0d65f0b92db16",
                "sha256:993342be2be3d7cb0511720bc2753dfcb47c41014967d6c8e067cd61cd70bf32",
                "sha256:a1cb2940c39af58be27e74029cb169c722fe60e8a30004039ed2fe8d57205c22",
                "sha256:a32d8fd485b27486cce562732986acbd5c770be88b79e3a2a6d57ae20f491919",
                "sha256:a78d70de1fa2412c3317ddd2dd545d060bd51641c02740e43f5711f22b5fe334",
                "sha256:ac30634247af8384acffe920b2f6db972d1a36d41bf48349189e550752d72e79",
                "sha256:b202979cbe08444f134547cecbbefb40b5dd078f2f747f9303d80ba9f5687564",
                "sha256:b216fdfabe152faf23549934ed8276da64e066294069c083bfa239723cae43be",
                "sha256:b30ad0e91d7635b0ea7236b13739c9b55af82b567432833d8ebab85aedb758eb",
                "sha256:b3d41b5eeb88e79c429a6fe13fc4b587b3876e16fc574715798a84865e72f6b5",
                "sha256:b84132b46afff57bf2ba7f4e0b6ac72514272fbc203e55ebe44d7838c06e0bb4",
                "sha256:be2f459f2c2427d0d7decf90c773a660ead34e3a9828fd80c6c8f8f32c0db5e3",
                "sha256:c07555830f7b432432ca56c3f465803f8c63e4d094e5ce792374e7de2c85dde5",
                "sha256:c0810d0c123fc876b3c7a88060b2a2f5d23bb35020f9466169a721561e8b8205",
                "sha256:c44102cfea3f1f94d4b5e7d4104fa8bafb7df7359ab701b96717019493f582ea",
                "sha256:c833780b8674d831400b656ea1d2744369e11002c2be2e9f4d2a4a7629d00cb8",
                "sha256:c9c8cd0866110c7dd9207ef3e9205f2945c9211e3171865e5b95b38712b9fc11",
                "sha256:cca3a522385917eb46e846c16fcc3e0807f53035e93b879f8a59fe80a604eda3",
                "sha256:cd8ca0e4e84d161330c3375cb2e7e29dbd451f7291873553822bb9f1453aed33",
                "sha256:d07a5a54e8346d6e8b91fd7183a936cadfb82888bb4bc46287e6252f699a82ce",
                "sha256:d8ce8b3fc3da7e77bda3b9195861c81909ab960f04e5828ba575f4f584f91bdc",
                "sha256:d994ea8b0c09922449f26190c8ff98dd065555bbe06ba8e6ea19081f33b45b13",
                "sha256:db5b3eaa21e0b1a7c8e2dc9bb07bc0d5bb4f89b3881a29f31cba22c863ff50a5",
                "sha256:db94901bcb9e0c437827f25c9dd400032ed107e05115b5df430573bcd4a84874",
                "sha256:dbd0bae2bf74fc8c76ed3c41ca5565bacf737ca92fb8ce3e2c0a4cc4aa9e58c1",
                "sha256:e0525371ffe671c5c44e87473a5c14e9de16cdcb8a7d9b101642ceb0b40042c0",
                "sha256:e4ebc235090cb63fb864f063c3c5230d69f40ab3642e85f1ea8bb7307483d729",
                "sha256:e61496e8e92dc267eb5331a16f129aca856a80c2dcb4130e454aa0bce0458a88",
                "sha256:e7828589704648e8caf43982ef5f4580b8af4cf6bde987c8ab2997f7337c9357",
                "sha256:e8926535c3b3dae1418e8bd4dbff7e8dd3cdec1327192f467bc76528c3c35f83",
                "sha256:f1f23a042b0a45b0a365597e20a22b6875a8bd968ab200b32cafeebab9194fd2",
                "sha256:f21819f131678fd89d501adc1a8727c88e193b6be5fb98e7e11059ee5f2705d9",
                "sha256:f4bbcbfd6088d2e38045163751bbf3557f634eb8bb5f71f03320a12c4cb0a254",
                "sha256:f4e3d7aa89951a23d0c8b81c145cc6956a6a1a4b81d865eb7922c123ae6d44de",
                "sha256:fa94f6de41047e23b1fd0a6fbcc441c9e91ede15385614d4880b91a6c4319315",
                "sha256:fcc43cc8a4ba7f103d4e5325cf867a9110aea40cea20957ca994c74d875b9a3f",
                "sha256:fd9a1dd6a0bc099ab614c6d644173d4ded27f43a483f483a3a6d98c8afdbf3e6",
                "sha256:ff65e787f12562a06bf3d0676064ff8653ce44f3502a76407bef202392b52a4b"
            ],
            "markers": "python_version >= '3.7'",
            "version": "==2.13.4"
        },
        "requests": {
            "hashes": [
                "sha256:7c5599b102feddaa661c826c56ab4fee28bfd17f5abca1ebbe3e7f19d7c97983",
                "sha256:8fefa2a1a1365bf5520aac41836fbee479da67864514bdb821f31ce07ce65349"
            ],
            "markers": "python_version >= '3.7' and python_version < '4.0'",
            "version": "==2.28.1"
        },
        "six": {
            "hashes": [
                "sha256:1e61c37477a1626458e36f7b1d82aa5c9b094fa4802892072e49de9c60c4c926",
                "sha256:8abb2f1d86890a2dfb989f9a77cfcfd3e47c2a354b01111771326f8aa26e0254"
            ],
            "markers": "python_version >= '2.7' and python_version not in '3.0, 3.1, 3.2, 3.3'",
            "version": "==1.16.0"
        },
        "typing-extensions": {
            "hashes": [
                "sha256:49f75d16ff11f1cd258e1b988ccff82a3ca5570217d7ad8c5f48205dd99a677e",
                "sha256:d8226d10bc02a29bcc81df19a26e56a9647f8b0a6d4a83924139f4a8b01f17b7",
                "sha256:f1d25edafde516b146ecd0613dabcc61409817af4766fbbcfb8d1ad4ec441a34"
            ],
            "version": "==3.10.0.2"
        },
        "urllib3": {
            "hashes": [
                "sha256:47cc05d99aaa09c9e72ed5809b60e7ba354e64b59c9c173ac3018642d8bb41fc",
                "sha256:c083dd0dce68dbfbe1129d5271cb90f9447dea7d52097c6e0126120c521ddea8"
            ],
            "markers": "python_version >= '2.7' and python_version not in '3.0, 3.1, 3.2, 3.3, 3.4, 3.5'",
            "version": "==1.26.13"
        },
        "wcwidth": {
            "hashes": [
                "sha256:beb4802a9cebb9144e99086eff703a642a13d6a0052920003a230f3294bbe784",
                "sha256:c4d647b99872929fdb7bdcaa4fbe7f01413ed3d98077df798530e5b04f116c83"
            ],
            "version": "==0.2.5"
        },
        "zeroconf": {
            "hashes": [
                "sha256:701e4d697f89fe952aa9c13a512ed6bf472dcf4f0a6d275e71085604b3882295",
                "sha256:d60eae9e9c99d1a168ce9ff9de7e7398c23754a0c2004ded230f8d529c5260a0"
            ],
            "markers": "python_version >= '3.7'",
            "version": "==0.39.4"
        }
    },
    "develop": {
        "argh": {
            "hashes": [
                "sha256:a9b3aaa1904eeb78e32394cd46c6f37ac0fb4af6dc488daa58971bdc7d7fcaf3",
                "sha256:e9535b8c84dc9571a48999094fda7f33e63c3f1b74f3e5f3ac0105a58405bb65"
            ],
            "index": "pypi",
            "version": "==0.26.2"
        },
        "autopep8": {
            "hashes": [
                "sha256:d21d3901cb0da6ebd1e83fc9b0dfbde8b46afc2ede4fe32fbda0c7c6118ca094"
            ],
            "index": "pypi",
            "version": "==1.5.4"
        },
        "flake8": {
            "hashes": [
                "sha256:749dbbd6bfd0cf1318af27bf97a14e28e5ff548ef8e5b1566ccfb25a11e7c839",
                "sha256:aadae8761ec651813c24be05c6f7b4680857ef6afaae4651a4eccaef97ce6c3b"
            ],
            "index": "pypi",
            "version": "==3.8.4"
        },
        "isort": {
            "hashes": [
                "sha256:dcab1d98b469a12a1a624ead220584391648790275560e1a43e54c5dceae65e7",
                "sha256:dcaeec1b5f0eca77faea2a35ab790b4f3680ff75590bfcb7145986905aab2f58"
            ],
            "index": "pypi",
            "version": "==5.6.4"
        },
        "mccabe": {
            "hashes": [
                "sha256:ab8a6258860da4b6677da4bd2fe5dc2c659cff31b3ee4f7f5d64e79735b80d42",
                "sha256:dd8d182285a0fe56bace7f45b5e7d1a6ebcbf524e8f3bd87eb0f125271b8831f"
            ],
            "version": "==0.6.1"
        },
        "pathtools": {
            "hashes": [
                "sha256:7c35c5421a39bb82e58018febd90e3b6e5db34c5443aaaf742b3f33d4655f1c0"
            ],
            "version": "==0.1.2"
        },
        "pycodestyle": {
            "hashes": [
                "sha256:2295e7b2f6b5bd100585ebcb1f616591b652db8a741695b3d8f5d28bdc934367",
                "sha256:c58a7d2815e0e8d7972bf1803331fb0152f867bd89adf8a01dfd55085434192e"
            ],
            "markers": "python_version >= '2.7' and python_version not in '3.0, 3.1, 3.2, 3.3'",
            "version": "==2.6.0"
        },
        "pyflakes": {
            "hashes": [
                "sha256:0d94e0e05a19e57a99444b6ddcf9a6eb2e5c68d3ca1e98e90707af8152c90a92",
                "sha256:35b2d75ee967ea93b55750aa9edbbf72813e06a66ba54438df2cfac9e3c27fc8"
            ],
            "markers": "python_version >= '2.7' and python_version not in '3.0, 3.1, 3.2, 3.3'",
            "version": "==2.2.0"
        },
        "toml": {
            "hashes": [
                "sha256:806143ae5bfb6a3c6e736a764057db0e6a0e05e338b5630894a5f779cabb4f9b",
                "sha256:b3bda1d108d5dd99f4a20d24d9c348e91c4db7ab1b749200bded2f839ccbe68f"
            ],
            "markers": "python_version >= '2.6' and python_version not in '3.0, 3.1, 3.2, 3.3'",
            "version": "==0.10.2"
        },
        "watchdog": {
            "hashes": [
                "sha256:4214e1379d128b0588021880ccaf40317ee156d4603ac388b9adcf29165e0c04"
            ],
            "index": "pypi",
            "version": "==0.10.3"
        }
    }
}
